hash: 74b4ed4edd982035901da481789504a838a9e03c20102d3328e7bd23e1f10888
updated: 2017-01-26T11:47:35.703888395+01:00
imports:
- name: github.com/bborbe/cron
  version: 807a2c6a298ae10a1c35f7f26815284599c6a622
- name: github.com/bborbe/flagenv
  version: 4bf10dbe62f41ce40353a70225a84decfd16d3ac
- name: github.com/bborbe/io
  version: 8c22cf733cf166b247318b0786eec0c7cad9208a
  subpackages:
  - util
- name: github.com/bborbe/lock
  version: ac57be166a1c39f4555dc7f865b35b84d7807549
- name: github.com/golang/glog
  version: 23def4e6c14b4da8ac2ed8007337bc5eb5007998
testImports:
- name: github.com/bborbe/assert
  version: 2448f69a8cb98ee9e5744f678477959100ceb9d4
