hash: 489e9c7e80edc3983df1d9fb9ff7e73b03dc5f3165cef38113ade555258503e3
updated: 2017-08-30T14:02:28.062163398+02:00
imports:
- name: github.com/bborbe/cron
  version: 8006b7f28abefd9c42c5c0881b3975f9d5f9c9b4
- name: github.com/bborbe/flagenv
  version: 4bf10dbe62f41ce40353a70225a84decfd16d3ac
- name: github.com/bborbe/io
  version: 8c22cf733cf166b247318b0786eec0c7cad9208a
  subpackages:
  - util
- name: github.com/bborbe/lock
  version: ac57be166a1c39f4555dc7f865b35b84d7807549
- name: github.com/golang/glog
  version: 23def4e6c14b4da8ac2ed8007337bc5eb5007998
- name: github.com/robfig/cron
  version: 736158dc09e10f1911ca3a1e1b01f11b566ce5db
testImports:
- name: github.com/bborbe/assert
  version: 2448f69a8cb98ee9e5744f678477959100ceb9d4
