# This file is autogenerated, do not edit; changes may be undone by the next 'dep ensure'.


[[projects]]
  branch = "master"
  name = "github.com/bborbe/assert"
  packages = ["."]
  revision = "765570a0aaf5913880d33fee2dd7e4c52b294021"

[[projects]]
  branch = "master"
  name = "github.com/bborbe/cron"
  packages = ["."]
  revision = "c6a3d608aa5caa735b0b788fc1b26e04266e403a"

[[projects]]
  branch = "master"
  name = "github.com/bborbe/flagenv"
  packages = ["."]
  revision = "4bf10dbe62f41ce40353a70225a84decfd16d3ac"

[[projects]]
  branch = "master"
  name = "github.com/bborbe/io"
  packages = ["util"]
  revision = "8c22cf733cf166b247318b0786eec0c7cad9208a"

[[projects]]
  branch = "master"
  name = "github.com/bborbe/lock"
  packages = ["."]
  revision = "ac57be166a1c39f4555dc7f865b35b84d7807549"

[[projects]]
  branch = "master"
  name = "github.com/golang/glog"
  packages = ["."]
  revision = "23def4e6c14b4da8ac2ed8007337bc5eb5007998"

[[projects]]
  name = "github.com/robfig/cron"
  packages = ["."]
  revision = "b024fc5ea0e34bc3f83d9941c8d60b0622bfaca4"
  version = "v1"

[solve-meta]
  analyzer-name = "dep"
  analyzer-version = 1
  inputs-digest = "46fb91d3f8a609533d6f2bb58d8836bd410889a199b10e9a75791871c5b6efbf"
  solver-name = "gps-cdcl"
  solver-version = 1
